# THIS IS AN AUTOGENERATED FILE. DO NOT EDIT THIS FILE DIRECTLY.
# yarn lockfile v1


fsevents@~2.1.2:
  version "2.1.3"
  resolved "https://registry.yarnpkg.com/fsevents/-/fsevents-2.1.3.tgz#fb738703ae8d2f9fe900c33836ddebee8b97f23e"
  integrity sha512-Auw9a4AxqWpa9GUfj370BMPzzyncfBABW8Mab7BGWBYDj4Isgq+cDKtx0i6u9jcX9pQDnswsaaOTgTmA5pEjuQ==

rollup@^2.32.0:
  version "2.32.0"
  resolved "https://registry.yarnpkg.com/rollup/-/rollup-2.32.0.tgz#ac58c8e85782bea8aa2d440fc05aba345013582a"
  integrity sha512-0FIG1jY88uhCP2yP4CfvtKEqPDRmsUwfY1kEOOM+DH/KOGATgaIFd/is1+fQOxsvh62ELzcFfKonwKWnHhrqmw==
  optionalDependencies:
    fsevents "~2.1.2"

svelte@^3.29.0:
  version "3.29.0"
  resolved "https://registry.yarnpkg.com/svelte/-/svelte-3.29.0.tgz#80acac4254341ad8f3301e5ef03f4127ea967d96"
  integrity sha512-f+A65eyOQ5ujETLy+igNXtlr6AEjAQLYd1yJE1VwNiXMQO5Z/Vmiy3rL+zblV/9jd7rtTTWqO1IcuXsP2Qv0OA==

sven@../lib:
  version "0.0.0"
